
Microsoft Visual Studio Solution File, Format Version 12.00
# Visual Studio Version 18
VisualStudioVersion = 18.1.11312.151 d18.0
MinimumVisualStudioVersion = 10.0.40219.1
Project("{9A19103F-16F7-4668-BE54-9A1E7A4F7556}") = "HttpClientTestExample", "HttpClientTestExample\HttpClientTestExample.csproj", "{09553653-655C-42C4-83A4-0C268FEAA65F}"
EndProject
Project("{FAE04EC0-301F-11D3-BF4B-00C04F79EFBC}") = "HttpClientExample.Tests", "HttpClientExample.Tests\HttpClientExample.Tests.csproj", "{9A1B86BB-0F1F-4D19-8004-C5A4067C341C}"
EndProject
Project("{2150E333-8FDC-42A3-9474-1A3956D46DE8}") = "Solution Items", "Solution Items", "{F05C73B8-932C-4E85-B3B8-B8DEBF6A5964}"
	ProjectSection(SolutionItems) = preProject
		.editorconfig = .editorconfig
	EndProjectSection
EndProject
Global
	GlobalSection(SolutionConfigurationPlatforms) = preSolution
		Debug|x64 = Debug|x64
		Release|x64 = Release|x64
	EndGlobalSection
	GlobalSection(ProjectConfigurationPlatforms) = postSolution
		{09553653-655C-42C4-83A4-0C268FEAA65F}.Debug|x64.ActiveCfg = Debug|x64
		{09553653-655C-42C4-83A4-0C268FEAA65F}.Debug|x64.Build.0 = Debug|x64
		{09553653-655C-42C4-83A4-0C268FEAA65F}.Release|x64.ActiveCfg = Release|x64
		{09553653-655C-42C4-83A4-0C268FEAA65F}.Release|x64.Build.0 = Release|x64
		{9A1B86BB-0F1F-4D19-8004-C5A4067C341C}.Debug|x64.ActiveCfg = Debug|x64
		{9A1B86BB-0F1F-4D19-8004-C5A4067C341C}.Debug|x64.Build.0 = Debug|x64
		{9A1B86BB-0F1F-4D19-8004-C5A4067C341C}.Release|x64.ActiveCfg = Release|x64
		{9A1B86BB-0F1F-4D19-8004-C5A4067C341C}.Release|x64.Build.0 = Release|x64
	EndGlobalSection
	GlobalSection(SolutionProperties) = preSolution
		HideSolutionNode = FALSE
	EndGlobalSection
	GlobalSection(ExtensibilityGlobals) = postSolution
		SolutionGuid = {A5E09A4D-106D-45B1-AA09-A6534F7483E2}
	EndGlobalSection
EndGlobal
